// !$*UTF8*$!
{
	archiveVersion = 1;
	classes = {
	};
	objectVersion = 55;
	objects = {

/* Begin PBXBuildFile section */
		513537A427961D49001D8D1C /* WelcomeViewController.swift in Sources */ = {isa = PBXBuildFile; fileRef = 513537A327961D49001D8D1C /* WelcomeViewController.swift */; };
		513C126827960DC600FE8F02 /* AppDelegate.swift in Sources */ = {isa = PBXBuildFile; fileRef = 513C126727960DC600FE8F02 /* AppDelegate.swift */; };
		513C126A27960DC600FE8F02 /* SceneDelegate.swift in Sources */ = {isa = PBXBuildFile; fileRef = 513C126927960DC600FE8F02 /* SceneDelegate.swift */; };
		513C126C27960DC600FE8F02 /* LoginViewController.swift in Sources */ = {isa = PBXBuildFile; fileRef = 513C126B27960DC600FE8F02 /* LoginViewController.swift */; };
		513C126F27960DC600FE8F02 /* Main.storyboard in Resources */ = {isa = PBXBuildFile; fileRef = 513C126D27960DC600FE8F02 /* Main.storyboard */; };
		513C127127960DC700FE8F02 /* Assets.xcassets in Resources */ = {isa = PBXBuildFile; fileRef = 513C127027960DC700FE8F02 /* Assets.xcassets */; };
		513C127427960DC700FE8F02 /* LaunchScreen.storyboard in Resources */ = {isa = PBXBuildFile; fileRef = 513C127227960DC700FE8F02 /* LaunchScreen.storyboard */; };
		513C127F27960DC800FE8F02 /* LoginScreenTests.swift in Sources */ = {isa = PBXBuildFile; fileRef = 513C127E27960DC800FE8F02 /* LoginScreenTests.swift */; };
		513C128927960DC800FE8F02 /* LoginScreenUITests.swift in Sources */ = {isa = PBXBuildFile; fileRef = 513C128827960DC800FE8F02 /* LoginScreenUITests.swift */; };
		513C128B27960DC800FE8F02 /* LoginScreenUITestsLaunchTests.swift in Sources */ = {isa = PBXBuildFile; fileRef = 513C128A27960DC800FE8F02 /* LoginScreenUITestsLaunchTests.swift */; };
		519DC63927D897E400F68428 /* DataModel.swift in Sources */ = {isa = PBXBuildFile; fileRef = 519DC63827D897E400F68428 /* DataModel.swift */; };
/* End PBXBuildFile section */

/* Begin PBXContainerItemProxy section */
		513C127B27960DC800FE8F02 /* PBXContainerItemProxy */ = {
			isa = PBXContainerItemProxy;
			containerPortal = 513C125C27960DC600FE8F02 /* Project object */;
			proxyType = 1;
			remoteGlobalIDString = 513C126327960DC600FE8F02;
			remoteInfo = LoginScreen;
		};
		513C128527960DC800FE8F02 /* PBXContainerItemProxy */ = {
			isa = PBXContainerItemProxy;
			containerPortal = 513C125C27960DC600FE8F02 /* Project object */;
			proxyType = 1;
			remoteGlobalIDString = 513C126327960DC600FE8F02;
			remoteInfo = LoginScreen;
		};
/* End PBXContainerItemProxy section */

/* Begin PBXFileReference section */
		513537A327961D49001D8D1C /* WelcomeViewController.swift */ = {isa = PBXFileReference; lastKnownFileType = sourcecode.swift; path = WelcomeViewController.swift; sourceTree = "<group>"; };
		513C126427960DC600FE8F02 /* LoginScreen.app */ = {isa = PBXFileReference; explicitFileType = wrapper.application; includeInIndex = 0; path = LoginScreen.app; sourceTree = BUILT_PRODUCTS_DIR; };
		513C126727960DC600FE8F02 /* AppDelegate.swift */ = {isa = PBXFileReference; lastKnownFileType = sourcecode.swift; path = AppDelegate.swift; sourceTree = "<group>"; };
		513C126927960DC600FE8F02 /* SceneDelegate.swift */ = {isa = PBXFileReference; lastKnownFileType = sourcecode.swift; path = SceneDelegate.swift; sourceTree = "<group>"; };
		513C126B27960DC600FE8F02 /* LoginViewController.swift */ = {isa = PBXFileReference; lastKnownFileType = sourcecode.swift; path = LoginViewController.swift; sourceTree = "<group>"; };
		513C126E27960DC600FE8F02 /* Base */ = {isa = PBXFileReference; lastKnownFileType = file.storyboard; name = Base; path = Base.lproj/Main.storyboard; sourceTree = "<group>"; };
		513C127027960DC700FE8F02 /* Assets.xcassets */ = {isa = PBXFileReference; lastKnownFileType = folder.assetcatalog; path = Assets.xcassets; sourceTree = "<group>"; };
		513C127327960DC700FE8F02 /* Base */ = {isa = PBXFileReference; lastKnownFileType = file.storyboard; name = Base; path = Base.lproj/LaunchScreen.storyboard; sourceTree = "<group>"; };
		513C127527960DC700FE8F02 /* Info.plist */ = {isa = PBXFileReference; lastKnownFileType = text.plist.xml; path = Info.plist; sourceTree = "<group>"; };
		513C127A27960DC800FE8F02 /* LoginScreenTests.xctest */ = {isa = PBXFileReference; explicitFileType = wrapper.cfbundle; includeInIndex = 0; path = LoginScreenTests.xctest; sourceTree = BUILT_PRODUCTS_DIR; };
		513C127E27960DC800FE8F02 /* LoginScreenTests.swift */ = {isa = PBXFileReference; lastKnownFileType = sourcecode.swift; path = LoginScreenTests.swift; sourceTree = "<group>"; };
		513C128427960DC800FE8F02 /* LoginScreenUITests.xctest */ = {isa = PBXFileReference; explicitFileType = wrapper.cfbundle; includeInIndex = 0; path = LoginScreenUITests.xctest; sourceTree = BUILT_PRODUCTS_DIR; };
		513C128827960DC800FE8F02 /* LoginScreenUITests.swift */ = {isa = PBXFileReference; lastKnownFileType = sourcecode.swift; path = LoginScreenUITests.swift; sourceTree = "<group>"; };
		513C128A27960DC800FE8F02 /* LoginScreenUITestsLaunchTests.swift */ = {isa = PBXFileReference; lastKnownFileType = sourcecode.swift; path = LoginScreenUITestsLaunchTests.swift; sourceTree = "<group>"; };
		519DC63827D897E400F68428 /* DataModel.swift */ = {isa = PBXFileReference; lastKnownFileType = sourcecode.swift; path = DataModel.swift; sourceTree = "<group>"; };
/* End PBXFileReference section */

/* Begin PBXFrameworksBuildPhase section */
		513C126127960DC600FE8F02 /* Frameworks */ = {
			isa = PBXFrameworksBuildPhase;
			buildActionMask = 2147483647;
			files = (
			);
			runOnlyForDeploymentPostprocessing = 0;
		};
		513C127727960DC800FE8F02 /* Frameworks */ = {
			isa = PBXFrameworksBuildPhase;
			buildActionMask = 2147483647;
			files = (
			);
			runOnlyForDeploymentPostprocessing = 0;
		};
		513C128127960DC800FE8F02 /* Frameworks */ = {
			isa = PBXFrameworksBuildPhase;
			buildActionMask = 2147483647;
			files = (
			);
			runOnlyForDeploymentPostprocessing = 0;
		};
/* End PBXFrameworksBuildPhase section */

/* Begin PBXGroup section */
		513C125B27960DC600FE8F02 = {
			isa = PBXGroup;
			children = (
				513C126627960DC600FE8F02 /* LoginScreen */,
				513C127D27960DC800FE8F02 /* LoginScreenTests */,
				513C128727960DC800FE8F02 /* LoginScreenUITests */,
				513C126527960DC600FE8F02 /* Products */,
			);
			sourceTree = "<group>";
		};
		513C126527960DC600FE8F02 /* Products */ = {
			isa = PBXGroup;
			children = (
				513C126427960DC600FE8F02 /* LoginScreen.app */,
				513C127A27960DC800FE8F02 /* LoginScreenTests.xctest */,
				513C128427960DC800FE8F02 /* LoginScreenUITests.xctest */,
			);
			name = Products;
			sourceTree = "<group>";
		};
		513C126627960DC600FE8F02 /* LoginScreen */ = {
			isa = PBXGroup;
			children = (
				519DC63727D897CE00F68428 /* Models */,
				519DC63427D1E4D000F68428 /* ViewControllers */,
				519DC63627D1E50700F68428 /* Storyboards */,
				519DC63527D1E4EA00F68428 /* App settings & resources */,
			);
			path = LoginScreen;
			sourceTree = "<group>";
		};
		513C127D27960DC800FE8F02 /* LoginScreenTests */ = {
			isa = PBXGroup;
			children = (
				513C127E27960DC800FE8F02 /* LoginScreenTests.swift */,
			);
			path = LoginScreenTests;
			sourceTree = "<group>";
		};
		513C128727960DC800FE8F02 /* LoginScreenUITests */ = {
			isa = PBXGroup;
			children = (
				513C128827960DC800FE8F02 /* LoginScreenUITests.swift */,
				513C128A27960DC800FE8F02 /* LoginScreenUITestsLaunchTests.swift */,
			);
			path = LoginScreenUITests;
			sourceTree = "<group>";
		};
		519DC63427D1E4D000F68428 /* ViewControllers */ = {
			isa = PBXGroup;
			children = (
				513C126B27960DC600FE8F02 /* LoginViewController.swift */,
				513537A327961D49001D8D1C /* WelcomeViewController.swift */,
			);
			path = ViewControllers;
			sourceTree = "<group>";
		};
		519DC63527D1E4EA00F68428 /* App settings & resources */ = {
			isa = PBXGroup;
			children = (
				513C127027960DC700FE8F02 /* Assets.xcassets */,
				513C126727960DC600FE8F02 /* AppDelegate.swift */,
				513C126927960DC600FE8F02 /* SceneDelegate.swift */,
				513C127527960DC700FE8F02 /* Info.plist */,
			);
			path = "App settings & resources";
			sourceTree = "<group>";
		};
		519DC63627D1E50700F68428 /* Storyboards */ = {
			isa = PBXGroup;
			children = (
				513C126D27960DC600FE8F02 /* Main.storyboard */,
				513C127227960DC700FE8F02 /* LaunchScreen.storyboard */,
			);
			path = Storyboards;
			sourceTree = "<group>";
		};
		519DC63727D897CE00F68428 /* Models */ = {
			isa = PBXGroup;
			children = (
				519DC63827D897E400F68428 /* DataModel.swift */,
			);
			path = Models;
			sourceTree = "<group>";
		};
/* End PBXGroup section */

/* Begin PBXNativeTarget section */
		513C126327960DC600FE8F02 /* LoginScreen */ = {
			isa = PBXNativeTarget;
			buildConfigurationList = 513C128E27960DC800FE8F02 /* Build configuration list for PBXNativeTarget "LoginScreen" */;
			buildPhases = (
				513C126027960DC600FE8F02 /* Sources */,
				513C126127960DC600FE8F02 /* Frameworks */,
				513C126227960DC600FE8F02 /* Resources */,
			);
			buildRules = (
			);
			dependencies = (
			);
			name = LoginScreen;
			productName = LoginScreen;
			productReference = 513C126427960DC600FE8F02 /* LoginScreen.app */;
			productType = "com.apple.product-type.application";
		};
		513C127927960DC800FE8F02 /* LoginScreenTests */ = {
			isa = PBXNativeTarget;
			buildConfigurationList = 513C129127960DC800FE8F02 /* Build configuration list for PBXNativeTarget "LoginScreenTests" */;
			buildPhases = (
				513C127627960DC800FE8F02 /* Sources */,
				513C127727960DC800FE8F02 /* Frameworks */,
				513C127827960DC800FE8F02 /* Resources */,
			);
			buildRules = (
			);
			dependencies = (
				513C127C27960DC800FE8F02 /* PBXTargetDependency */,
			);
			name = LoginScreenTests;
			productName = LoginScreenTests;
			productReference = 513C127A27960DC800FE8F02 /* LoginScreenTests.xctest */;
			productType = "com.apple.product-type.bundle.unit-test";
		};
		513C128327960DC800FE8F02 /* LoginScreenUITests */ = {
			isa = PBXNativeTarget;
			buildConfigurationList = 513C129427960DC800FE8F02 /* Build configuration list for PBXNativeTarget "LoginScreenUITests" */;
			buildPhases = (
				513C128027960DC800FE8F02 /* Sources */,
				513C128127960DC800FE8F02 /* Frameworks */,
				513C128227960DC800FE8F02 /* Resources */,
			);
			buildRules = (
			);
			dependencies = (
				513C128627960DC800FE8F02 /* PBXTargetDependency */,
			);
			name = LoginScreenUITests;
			productName = LoginScreenUITests;
			productReference = 513C128427960DC800FE8F02 /* LoginScreenUITests.xctest */;
			productType = "com.apple.product-type.bundle.ui-testing";
		};
/* End PBXNativeTarget section */

/* Begin PBXProject section */
		513C125C27960DC600FE8F02 /* Project object */ = {
			isa = PBXProject;
			attributes = {
				BuildIndependentTargetsInParallel = 1;
				LastSwiftUpdateCheck = 1310;
				LastUpgradeCheck = 1310;
				TargetAttributes = {
					513C126327960DC600FE8F02 = {
						CreatedOnToolsVersion = 13.1;
					};
					513C127927960DC800FE8F02 = {
						CreatedOnToolsVersion = 13.1;
						TestTargetID = 513C126327960DC600FE8F02;
					};
					513C128327960DC800FE8F02 = {
						CreatedOnToolsVersion = 13.1;
						TestTargetID = 513C126327960DC600FE8F02;
					};
				};
			};
			buildConfigurationList = 513C125F27960DC600FE8F02 /* Build configuration list for PBXProject "LoginScreen" */;
			compatibilityVersion = "Xcode 13.0";
			developmentRegion = en;
			hasScannedForEncodings = 0;
			knownRegions = (
				en,
				Base,
			);
			mainGroup = 513C125B27960DC600FE8F02;
			productRefGroup = 513C126527960DC600FE8F02 /* Products */;
			projectDirPath = "";
			projectRoot = "";
			targets = (
				513C126327960DC600FE8F02 /* LoginScreen */,
				513C127927960DC800FE8F02 /* LoginScreenTests */,
				513C128327960DC800FE8F02 /* LoginScreenUITests */,
			);
		};
/* End PBXProject section */

/* Begin PBXResourcesBuildPhase section */
		513C126227960DC600FE8F02 /* Resources */ = {
			isa = PBXResourcesBuildPhase;
			buildActionMask = 2147483647;
			files = (
				513C127427960DC700FE8F02 /* LaunchScreen.storyboard in Resources */,
				513C127127960DC700FE8F02 /* Assets.xcassets in Resources */,
				513C126F27960DC600FE8F02 /* Main.storyboard in Resources */,
			);
			runOnlyForDeploymentPostprocessing = 0;
		};
		513C127827960DC800FE8F02 /* Resources */ = {
			isa = PBXResourcesBuildPhase;
			buildActionMask = 2147483647;
			files = (
			);
			runOnlyForDeploymentPostprocessing = 0;
		};
		513C128227960DC800FE8F02 /* Resources */ = {
			isa = PBXResourcesBuildPhase;
			buildActionMask = 2147483647;
			files = (
			);
			runOnlyForDeploymentPostprocessing = 0;
		};
/* End PBXResourcesBuildPhase section */

/* Begin PBXSourcesBuildPhase section */
		513C126027960DC600FE8F02 /* Sources */ = {
			isa = PBXSourcesBuildPhase;
			buildActionMask = 2147483647;
			files = (
				519DC63927D897E400F68428 /* DataModel.swift in Sources */,
				513C126C27960DC600FE8F02 /* LoginViewController.swift in Sources */,
				513537A427961D49001D8D1C /* WelcomeViewController.swift in Sources */,
				513C126827960DC600FE8F02 /* AppDelegate.swift in Sources */,
				513C126A27960DC600FE8F02 /* SceneDelegate.swift in Sources */,
			);
			runOnlyForDeploymentPostprocessing = 0;
		};
		513C127627960DC800FE8F02 /* Sources */ = {
			isa = PBXSourcesBuildPhase;
			buildActionMask = 2147483647;
			files = (
				513C127F27960DC800FE8F02 /* LoginScreenTests.swift in Sources */,
			);
			runOnlyForDeploymentPostprocessing = 0;
		};
		513C128027960DC800FE8F02 /* Sources */ = {
			isa = PBXSourcesBuildPhase;
			buildActionMask = 2147483647;
			files = (
				513C128B27960DC800FE8F02 /* LoginScreenUITestsLaunchTests.swift in Sources */,
				513C128927960DC800FE8F02 /* LoginScreenUITests.swift in Sources */,
			);
			runOnlyForDeploymentPostprocessing = 0;
		};
/* End PBXSourcesBuildPhase section */

/* Begin PBXTargetDependency section */
		513C127C27960DC800FE8F02 /* PBXTargetDependency */ = {
			isa = PBXTargetDependency;
			target = 513C126327960DC600FE8F02 /* LoginScreen */;
			targetProxy = 513C127B27960DC800FE8F02 /* PBXContainerItemProxy */;
		};
		513C128627960DC800FE8F02 /* PBXTargetDependency */ = {
			isa = PBXTargetDependency;
			target = 513C126327960DC600FE8F02 /* LoginScreen */;
			targetProxy = 513C128527960DC800FE8F02 /* PBXContainerItemProxy */;
		};
/* End PBXTargetDependency section */

/* Begin PBXVariantGroup section */
		513C126D27960DC600FE8F02 /* Main.storyboard */ = {
			isa = PBXVariantGroup;
			children = (
				513C126E27960DC600FE8F02 /* Base */,
			);
			name = Main.storyboard;
			sourceTree = "<group>";
		};
		513C127227960DC700FE8F02 /* LaunchScreen.storyboard */ = {
			isa = PBXVariantGroup;
			children = (
				513C127327960DC700FE8F02 /* Base */,
			);
			name = LaunchScreen.storyboard;
			sourceTree = "<group>";
		};
/* End PBXVariantGroup section */

/* Begin XCBuildConfiguration section */
		513C128C27960DC800FE8F02 /* Debug */ = {
			isa = XCBuildConfiguration;
			buildSettings = {
				ALWAYS_SEARCH_USER_PATHS = NO;
				CLANG_ANALYZER_NONNULL = YES;
				CLANG_ANALYZER_NUMBER_OBJECT_CONVERSION = YES_AGGRESSIVE;
				CLANG_CXX_LANGUAGE_STANDARD = "gnu++17";
				CLANG_CXX_LIBRARY = "libc++";
				CLANG_ENABLE_MODULES = YES;
				CLANG_ENABLE_OBJC_ARC = YES;
				CLANG_ENABLE_OBJC_WEAK = YES;
				CLANG_WARN_BLOCK_CAPTURE_AUTORELEASING = YES;
				CLANG_WARN_BOOL_CONVERSION = YES;
				CLANG_WARN_COMMA = YES;
				CLANG_WARN_CONSTANT_CONVERSION = YES;
				CLANG_WARN_DEPRECATED_OBJC_IMPLEMENTATIONS = YES;
				CLANG_WARN_DIRECT_OBJC_ISA_USAGE = YES_ERROR;
				CLANG_WARN_DOCUMENTATION_COMMENTS = YES;
				CLANG_WARN_EMPTY_BODY = YES;
				CLANG_WARN_ENUM_CONVERSION = YES;
				CLANG_WARN_INFINITE_RECURSION = YES;
				CLANG_WARN_INT_CONVERSION = YES;
				CLANG_WARN_NON_LITERAL_NULL_CONVERSION = YES;
				CLANG_WARN_OBJC_IMPLICIT_RETAIN_SELF = YES;
				CLANG_WARN_OBJC_LITERAL_CONVERSION = YES;
				CLANG_WARN_OBJC_ROOT_CLASS = YES_ERROR;
				CLANG_WARN_QUOTED_INCLUDE_IN_FRAMEWORK_HEADER = YES;
				CLANG_WARN_RANGE_LOOP_ANALYSIS = YES;
				CLANG_WARN_STRICT_PROTOTYPES = YES;
				CLANG_WARN_SUSPICIOUS_MOVE = YES;
				CLANG_WARN_UNGUARDED_AVAILABILITY = YES_AGGRESSIVE;
				CLANG_WARN_UNREACHABLE_CODE = YES;
				CLANG_WARN__DUPLICATE_METHOD_MATCH = YES;
				COPY_PHASE_STRIP = NO;
				DEBUG_INFORMATION_FORMAT = dwarf;
				ENABLE_STRICT_OBJC_MSGSEND = YES;
				ENABLE_TESTABILITY = YES;
				GCC_C_LANGUAGE_STANDARD = gnu11;
				GCC_DYNAMIC_NO_PIC = NO;
				GCC_NO_COMMON_BLOCKS = YES;
				GCC_OPTIMIZATION_LEVEL = 0;
				GCC_PREPROCESSOR_DEFINITIONS = (
					"DEBUG=1",
					"$(inherited)",
				);
				GCC_WARN_64_TO_32_BIT_CONVERSION = YES;
				GCC_WARN_ABOUT_RETURN_TYPE = YES_ERROR;
				GCC_WARN_UNDECLARED_SELECTOR = YES;
				GCC_WARN_UNINITIALIZED_AUTOS = YES_AGGRESSIVE;
				GCC_WARN_UNUSED_FUNCTION = YES;
				GCC_WARN_UNUSED_VARIABLE = YES;
				IPHONEOS_DEPLOYMENT_TARGET = 15.0;
				MTL_ENABLE_DEBUG_INFO = INCLUDE_SOURCE;
				MTL_FAST_MATH = YES;
				ONLY_ACTIVE_ARCH = YES;
				SDKROOT = iphoneos;
				SWIFT_ACTIVE_COMPILATION_CONDITIONS = DEBUG;
				SWIFT_OPTIMIZATION_LEVEL = "-Onone";
			};
			name = Debug;
		};
		513C128D27960DC800FE8F02 /* Release */ = {
			isa = XCBuildConfiguration;
			buildSettings = {
				ALWAYS_SEARCH_USER_PATHS = NO;
				CLANG_ANALYZER_NONNULL = YES;
				CLANG_ANALYZER_NUMBER_OBJECT_CONVERSION = YES_AGGRESSIVE;
				CLANG_CXX_LANGUAGE_STANDARD = "gnu++17";
				CLANG_CXX_LIBRARY = "libc++";
				CLANG_ENABLE_MODULES = YES;
				CLANG_ENABLE_OBJC_ARC = YES;
				CLANG_ENABLE_OBJC_WEAK = YES;
				CLANG_WARN_BLOCK_CAPTURE_AUTORELEASING = YES;
				CLANG_WARN_BOOL_CONVERSION = YES;
				CLANG_WARN_COMMA = YES;
				CLANG_WARN_CONSTANT_CONVERSION = YES;
				CLANG_WARN_DEPRECATED_OBJC_IMPLEMENTATIONS = YES;
				CLANG_WARN_DIRECT_OBJC_ISA_USAGE = YES_ERROR;
				CLANG_WARN_DOCUMENTATION_COMMENTS = YES;
				CLANG_WARN_EMPTY_BODY = YES;
				CLANG_WARN_ENUM_CONVERSION = YES;
				CLANG_WARN_INFINITE_RECURSION = YES;
				CLANG_WARN_INT_CONVERSION = YES;
				CLANG_WARN_NON_LITERAL_NULL_CONVERSION = YES;
				CLANG_WARN_OBJC_IMPLICIT_RETAIN_SELF = YES;
				CLANG_WARN_OBJC_LITERAL_CONVERSION = YES;
				CLANG_WARN_OBJC_ROOT_CLASS = YES_ERROR;
				CLANG_WARN_QUOTED_INCLUDE_IN_FRAMEWORK_HEADER = YES;
				CLANG_WARN_RANGE_LOOP_ANALYSIS = YES;
				CLANG_WARN_STRICT_PROTOTYPES = YES;
				CLANG_WARN_SUSPICIOUS_MOVE = YES;
				CLANG_WARN_UNGUARDED_AVAILABILITY = YES_AGGRESSIVE;
				CLANG_WARN_UNREACHABLE_CODE = YES;
				CLANG_WARN__DUPLICATE_METHOD_MATCH = YES;
				COPY_PHASE_STRIP = NO;
				DEBUG_INFORMATION_FORMAT = "dwarf-with-dsym";
				ENABLE_NS_ASSERTIONS = NO;
				ENABLE_STRICT_OBJC_MSGSEND = YES;
				GCC_C_LANGUAGE_STANDARD = gnu11;
				GCC_NO_COMMON_BLOCKS = YES;
				GCC_WARN_64_TO_32_BIT_CONVERSION = YES;
				GCC_WARN_ABOUT_RETURN_TYPE = YES_ERROR;
				GCC_WARN_UNDECLARED_SELECTOR = YES;
				GCC_WARN_UNINITIALIZED_AUTOS = YES_AGGRESSIVE;
				GCC_WARN_UNUSED_FUNCTION = YES;
				GCC_WARN_UNUSED_VARIABLE = YES;
				IPHONEOS_DEPLOYMENT_TARGET = 15.0;
				MTL_ENABLE_DEBUG_INFO = NO;
				MTL_FAST_MATH = YES;
				SDKROOT = iphoneos;
				SWIFT_COMPILATION_MODE = wholemodule;
				SWIFT_OPTIMIZATION_LEVEL = "-O";
				VALIDATE_PRODUCT = YES;
			};
			name = Release;
		};
		513C128F27960DC800FE8F02 /* Debug */ = {
			isa = XCBuildConfiguration;
			buildSettings = {
				ASSETCATALOG_COMPILER_APPICON_NAME = AppIcon;
				ASSETCATALOG_COMPILER_GLOBAL_ACCENT_COLOR_NAME = AccentColor;
				CODE_SIGN_STYLE = Automatic;
				CURRENT_PROJECT_VERSION = 1;
				DEVELOPMENT_TEAM = JU4XYJP45K;
				GENERATE_INFOPLIST_FILE = YES;
				INFOPLIST_FILE = "LoginScreen/App settings & resources/Info.plist";
				INFOPLIST_KEY_UIApplicationSupportsIndirectInputEvents = YES;
				INFOPLIST_KEY_UILaunchStoryboardName = LaunchScreen;
				INFOPLIST_KEY_UIMainStoryboardFile = Main;
				INFOPLIST_KEY_UISupportedInterfaceOrientations_iPad = "UIInterfaceOrientationPortrait UIInterfaceOrientationPortraitUpsideDown UIInterfaceOrientationLandscapeLeft UIInterfaceOrientationLandscapeRight";
				INFOPLIST_KEY_UISupportedInterfaceOrientations_iPhone = "UIInterfaceOrientationPortrait UIInterfaceOrientationLandscapeLeft UIInterfaceOrientationLandscapeRight";
				LD_RUNPATH_SEARCH_PATHS = (
					"$(inherited)",
					"@executable_path/Frameworks",
				);
				MARKETING_VERSION = 1.0;
				PRODUCT_BUNDLE_IDENTIFIER = "ghp-cBzrdGGyuiZggVp0QgqfyTTSv7O7YY0ZvXPx.LoginScreen";
				PRODUCT_NAME = "$(TARGET_NAME)";
				SWIFT_EMIT_LOC_STRINGS = YES;
				SWIFT_VERSION = 5.0;
				TARGETED_DEVICE_FAMILY = 1;
			};
			name = Debug;
		};
		513C129027960DC800FE8F02 /* Release */ = {
			isa = XCBuildConfiguration;
			buildSettings = {
				ASSETCATALOG_COMPILER_APPICON_NAME = AppIcon;
				ASSETCATALOG_COMPILER_GLOBAL_ACCENT_COLOR_NAME = AccentColor;
				CODE_SIGN_STYLE = Automatic;
				CURRENT_PROJECT_VERSION = 1;
				DEVELOPMENT_TEAM = JU4XYJP45K;
				GENERATE_INFOPLIST_FILE = YES;
				INFOPLIST_FILE = "LoginScreen/App settings & resources/Info.plist";
				INFOPLIST_KEY_UIApplicationSupportsIndirectInputEvents = YES;
				INFOPLIST_KEY_UILaunchStoryboardName = LaunchScreen;
				INFOPLIST_KEY_UIMainStoryboardFile = Main;
				INFOPLIST_KEY_UISupportedInterfaceOrientations_iPad = "UIInterfaceOrientationPortrait UIInterfaceOrientationPortraitUpsideDown UIInterfaceOrientationLandscapeLeft UIInterfaceOrientationLandscapeRight";
				INFOPLIST_KEY_UISupportedInterfaceOrientations_iPhone = "UIInterfaceOrientationPortrait UIInterfaceOrientationLandscapeLeft UIInterfaceOrientationLandscapeRight";
				LD_RUNPATH_SEARCH_PATHS = (
					"$(inherited)",
					"@executable_path/Frameworks",
				);
				MARKETING_VERSION = 1.0;
				PRODUCT_BUNDLE_IDENTIFIER = "ghp-cBzrdGGyuiZggVp0QgqfyTTSv7O7YY0ZvXPx.LoginScreen";
				PRODUCT_NAME = "$(TARGET_NAME)";
				SWIFT_EMIT_LOC_STRINGS = YES;
				SWIFT_VERSION = 5.0;
				TARGETED_DEVICE_FAMILY = 1;
			};
			name = Release;
		};
		513C129227960DC800FE8F02 /* Debug */ = {
			isa = XCBuildConfiguration;
			buildSettings = {
				ALWAYS_EMBED_SWIFT_STANDARD_LIBRARIES = YES;
				BUNDLE_LOADER = "$(TEST_HOST)";
				CODE_SIGN_STYLE = Automatic;
				CURRENT_PROJECT_VERSION = 1;
				DEVELOPMENT_TEAM = JU4XYJP45K;
				GENERATE_INFOPLIST_FILE = YES;
				IPHONEOS_DEPLOYMENT_TARGET = 15.0;
				LD_RUNPATH_SEARCH_PATHS = (
					"$(inherited)",
					"@executable_path/Frameworks",
					"@loader_path/Frameworks",
				);
				MARKETING_VERSION = 1.0;
				PRODUCT_BUNDLE_IDENTIFIER = "ghp-cBzrdGGyuiZggVp0QgqfyTTSv7O7YY0ZvXPx.LoginScreenTests";
				PRODUCT_NAME = "$(TARGET_NAME)";
				SWIFT_EMIT_LOC_STRINGS = NO;
				SWIFT_VERSION = 5.0;
				TARGETED_DEVICE_FAMILY = "1,2";
				TEST_HOST = "$(BUILT_PRODUCTS_DIR)/LoginScreen.app/LoginScreen";
			};
			name = Debug;
		};
		513C129327960DC800FE8F02 /* Release */ = {
			isa = XCBuildConfiguration;
			buildSettings = {
				ALWAYS_EMBED_SWIFT_STANDARD_LIBRARIES = YES;
				BUNDLE_LOADER = "$(TEST_HOST)";
				CODE_SIGN_STYLE = Automatic;
				CURRENT_PROJECT_VERSION = 1;
				DEVELOPMENT_TEAM = JU4XYJP45K;
				GENERATE_INFOPLIST_FILE = YES;
				IPHONEOS_DEPLOYMENT_TARGET = 15.0;
				LD_RUNPATH_SEARCH_PATHS = (
					"$(inherited)",
					"@executable_path/Frameworks",
					"@loader_path/Frameworks",
				);
				MARKETING_VERSION = 1.0;
				PRODUCT_BUNDLE_IDENTIFIER = "ghp-cBzrdGGyuiZggVp0QgqfyTTSv7O7YY0ZvXPx.LoginScreenTests";
				PRODUCT_NAME = "$(TARGET_NAME)";
				SWIFT_EMIT_LOC_STRINGS = NO;
				SWIFT_VERSION = 5.0;
				TARGETED_DEVICE_FAMILY = "1,2";
				TEST_HOST = "$(BUILT_PRODUCTS_DIR)/LoginScreen.app/LoginScreen";
			};
			name = Release;
		};
		513C129527960DC800FE8F02 /* Debug */ = {
			isa = XCBuildConfiguration;
			buildSettings = {
				ALWAYS_EMBED_SWIFT_STANDARD_LIBRARIES = YES;
				CODE_SIGN_STYLE = Automatic;
				CURRENT_PROJECT_VERSION = 1;
				DEVELOPMENT_TEAM = JU4XYJP45K;
				GENERATE_INFOPLIST_FILE = YES;
				LD_RUNPATH_SEARCH_PATHS = (
					"$(inherited)",
					"@executable_path/Frameworks",
					"@loader_path/Frameworks",
				);
				MARKETING_VERSION = 1.0;
				PRODUCT_BUNDLE_IDENTIFIER = "ghp-cBzrdGGyuiZggVp0QgqfyTTSv7O7YY0ZvXPx.LoginScreenUITests";
				PRODUCT_NAME = "$(TARGET_NAME)";
				SWIFT_EMIT_LOC_STRINGS = NO;
				SWIFT_VERSION = 5.0;
				TARGETED_DEVICE_FAMILY = "1,2";
				TEST_TARGET_NAME = LoginScreen;
			};
			name = Debug;
		};
		513C129627960DC800FE8F02 /* Release */ = {
			isa = XCBuildConfiguration;
			buildSettings = {
				ALWAYS_EMBED_SWIFT_STANDARD_LIBRARIES = YES;
				CODE_SIGN_STYLE = Automatic;
				CURRENT_PROJECT_VERSION = 1;
				DEVELOPMENT_TEAM = JU4XYJP45K;
				GENERATE_INFOPLIST_FILE = YES;
				LD_RUNPATH_SEARCH_PATHS = (
					"$(inherited)",
					"@executable_path/Frameworks",
					"@loader_path/Frameworks",
				);
				MARKETING_VERSION = 1.0;
				PRODUCT_BUNDLE_IDENTIFIER = "ghp-cBzrdGGyuiZggVp0QgqfyTTSv7O7YY0ZvXPx.LoginScreenUITests";
				PRODUCT_NAME = "$(TARGET_NAME)";
				SWIFT_EMIT_LOC_STRINGS = NO;
				SWIFT_VERSION = 5.0;
				TARGETED_DEVICE_FAMILY = "1,2";
				TEST_TARGET_NAME = LoginScreen;
			};
			name = Release;
		};
/* End XCBuildConfiguration section */

/* Begin XCConfigurationList section */
		513C125F27960DC600FE8F02 /* Build configuration list for PBXProject "LoginScreen" */ = {
			isa = XCConfigurationList;
			buildConfigurations = (
				513C128C27960DC800FE8F02 /* Debug */,
				513C128D27960DC800FE8F02 /* Release */,
			);
			defaultConfigurationIsVisible = 0;
			defaultConfigurationName = Release;
		};
		513C128E27960DC800FE8F02 /* Build configuration list for PBXNativeTarget "LoginScreen" */ = {
			isa = XCConfigurationList;
			buildConfigurations = (
				513C128F27960DC800FE8F02 /* Debug */,
				513C129027960DC800FE8F02 /* Release */,
			);
			defaultConfigurationIsVisible = 0;
			defaultConfigurationName = Release;
		};
		513C129127960DC800FE8F02 /* Build configuration list for PBXNativeTarget "LoginScreenTests" */ = {
			isa = XCConfigurationList;
			buildConfigurations = (
				513C129227960DC800FE8F02 /* Debug */,
				513C129327960DC800FE8F02 /* Release */,
			);
			defaultConfigurationIsVisible = 0;
			defaultConfigurationName = Release;
		};
		513C129427960DC800FE8F02 /* Build configuration list for PBXNativeTarget "LoginScreenUITests" */ = {
			isa = XCConfigurationList;
			buildConfigurations = (
				513C129527960DC800FE8F02 /* Debug */,
				513C129627960DC800FE8F02 /* Release */,
			);
			defaultConfigurationIsVisible = 0;
			defaultConfigurationName = Release;
		};
/* End XCConfigurationList section */
	};
	rootObject = 513C125C27960DC600FE8F02 /* Project object */;
}
